PODS:
  - Base64 (1.1.2)
  - Bolts (1.9.0):
    - Bolts/AppLinks (= 1.9.0)
    - Bolts/Tasks (= 1.9.0)
  - Bolts/AppLinks (1.9.0):
    - Bolts/Tasks
  - Bolts/Tasks (1.9.0)
  - boost-for-react-native (1.63.0)
  - BoringSSL-GRPC (0.0.1):
    - BoringSSL-GRPC/Implementation (= 0.0.1)
    - BoringSSL-GRPC/Interface (= 0.0.1)
  - BoringSSL-GRPC/Implementation (0.0.1):
    - BoringSSL-GRPC/Interface (= 0.0.1)
  - BoringSSL-GRPC/Interface (0.0.1)
  - BVLinearGradient (2.4.0):
    - React
  - CodePush (5.4.1):
    - Base64 (~> 1.1)
    - JWT (~> 3.0.0-beta.7)
    - React
    - SSZipArchive (~> 2.1)
  - DoubleConversion (1.1.5)
  - FBSDKCoreKit (4.36.0):
    - Bolts (~> 1.7)
  - FBSDKLoginKit (4.36.0):
    - FBSDKCoreKit
  - FBSDKPlacesKit (4.36.0):
    - FBSDKCoreKit
  - FBSDKShareKit (4.36.0):
    - FBSDKCoreKit (~> 4.36.0)
  - Firebase/Auth (5.6.0):
    - Firebase/CoreOnly
    - FirebaseAuth (= 5.0.3)
  - Firebase/Core (5.6.0):
    - Firebase/CoreOnly
    - FirebaseAnalytics (= 5.1.1)
  - Firebase/CoreOnly (5.6.0):
    - FirebaseCore (= 5.1.1)
  - Firebase/Firestore (5.6.0):
    - Firebase/CoreOnly
    - FirebaseFirestore (= 0.13.1)
  - Firebase/Messaging (5.6.0):
    - Firebase/CoreOnly
    - FirebaseMessaging (= 3.1.0)
  - Firebase/Storage (5.6.0):
    - Firebase/CoreOnly
    - FirebaseStorage (= 3.0.0)
  - FirebaseAnalytics (5.1.1):
    - FirebaseCore (~> 5.1)
    - FirebaseInstanceID (~> 3.2)
    - GoogleAppMeasurement (~> 5.1)
    - GoogleUtilities/AppDelegateSwizzler (~> 5.2.0)
    - GoogleUtilities/MethodSwizzler (~> 5.2.0)
    - GoogleUtilities/Network (~> 5.2)
    - "GoogleUtilities/NSData+zlib (~> 5.2)"
    - nanopb (~> 0.3)
  - FirebaseAuth (5.0.3):
    - FirebaseAuthInterop (~> 1.0)
    - FirebaseCore (~> 5.0)
    - GoogleUtilities/Environment (~> 5.2)
    - GTMSessionFetcher/Core (~> 1.1)
  - FirebaseAuthInterop (1.0.0)
  - FirebaseCore (5.1.1):
    - GoogleUtilities/Logger (~> 5.2)
  - FirebaseFirestore (0.13.1):
    - FirebaseAuthInterop (~> 1.0)
    - FirebaseCore (~> 5.0)
    - FirebaseFirestore/abseil-cpp (= 0.13.1)
    - gRPC-ProtoRPC (~> 1.0)
    - leveldb-library (~> 1.18)
    - nanopb (~> 0.3.8)
    - Protobuf (~> 3.1)
  - FirebaseFirestore/abseil-cpp (0.13.1):
    - FirebaseAuthInterop (~> 1.0)
    - FirebaseCore (~> 5.0)
    - gRPC-ProtoRPC (~> 1.0)
    - leveldb-library (~> 1.18)
    - nanopb (~> 0.3.8)
    - Protobuf (~> 3.1)
  - FirebaseInstanceID (3.2.1):
    - FirebaseCore (~> 5.1)
    - GoogleUtilities/Environment (~> 5.2)
  - FirebaseMessaging (3.1.0):
    - FirebaseCore (~> 5.0)
    - FirebaseInstanceID (~> 3.0)
    - GoogleUtilities/Reachability (~> 5.2)
    - Protobuf (~> 3.1)
  - FirebaseStorage (3.0.0):
    - FirebaseCore (~> 5.0)
    - GTMSessionFetcher/Core (~> 1.1)
  - Folly (2016.10.31.00):
    - boost-for-react-native
    - DoubleConversion
    - glog
  - glog (0.3.4)
  - GoogleAppMeasurement (5.1.2):
    - GoogleUtilities/AppDelegateSwizzler (~> 5.2.0)
    - GoogleUtilities/MethodSwizzler (~> 5.2.0)
    - GoogleUtilities/Network (~> 5.2)
    - "GoogleUtilities/NSData+zlib (~> 5.2)"
    - nanopb (~> 0.3)
  - GoogleUtilities/AppDelegateSwizzler (5.2.3):
    - GoogleUtilities/Environment
    - GoogleUtilities/Logger
    - GoogleUtilities/Network
  - GoogleUtilities/Environment (5.2.3)
  - GoogleUtilities/Logger (5.2.3):
    - GoogleUtilities/Environment
  - GoogleUtilities/MethodSwizzler (5.2.3):
    - GoogleUtilities/Logger
  - GoogleUtilities/Network (5.2.3):
    - GoogleUtilities/Logger
    - "GoogleUtilities/NSData+zlib"
    - GoogleUtilities/Reachability
  - "GoogleUtilities/NSData+zlib (5.2.3)"
  - GoogleUtilities/Reachability (5.2.3):
    - GoogleUtilities/Logger
  - gRPC (1.15.0):
    - gRPC-RxLibrary (= 1.15.0)
    - gRPC/Main (= 1.15.0)
  - gRPC-Core (1.15.0):
    - gRPC-Core/Implementation (= 1.15.0)
    - gRPC-Core/Interface (= 1.15.0)
  - gRPC-Core/Implementation (1.15.0):
    - BoringSSL-GRPC (= 0.0.1)
    - gRPC-Core/Interface (= 1.15.0)
    - nanopb (~> 0.3)
  - gRPC-Core/Interface (1.15.0)
  - gRPC-ProtoRPC (1.15.0):
    - gRPC-ProtoRPC/Main (= 1.15.0)
  - gRPC-ProtoRPC/Main (1.15.0):
    - gRPC (= 1.15.0)
    - gRPC-RxLibrary (= 1.15.0)
    - Protobuf (~> 3.0)
  - gRPC-RxLibrary (1.15.0)
  - gRPC/Main (1.15.0):
    - gRPC-Core (= 1.15.0)
    - gRPC-RxLibrary (= 1.15.0)
  - GTMSessionFetcher/Core (1.2.0)
  - Interactable (0.1.10):
    - React
  - JWT (3.0.0-beta.11):
    - Base64 (~> 1.1.2)
  - leveldb-library (1.20)
  - lottie-ios (2.5.0)
  - lottie-react-native (2.5.6):
    - lottie-ios
    - React
  - nanopb (0.3.8):
    - nanopb/decode (= 0.3.8)
    - nanopb/encode (= 0.3.8)
  - nanopb/decode (0.3.8)
  - nanopb/encode (0.3.8)
  - Protobuf (3.6.1)
  - React (0.56.0):
    - React/Core (= 0.56.0)
  - react-native-contacts (2.2.2):
    - React
  - react-native-maps (0.21.0):
    - React
  - react-native-super-ellipse-mask (1.0.7):
    - React
  - React/Core (0.56.0):
    - yoga (= 0.56.0.React)
  - React/CxxBridge (0.56.0):
    - Folly (= 2016.10.31.00)
    - React/Core
    - React/cxxreact
  - React/cxxreact (0.56.0):
    - boost-for-react-native (= 1.63.0)
    - Folly (= 2016.10.31.00)
    - React/jschelpers
    - React/jsinspector
  - React/DevSupport (0.56.0):
    - React/Core
    - React/RCTWebSocket
  - React/fishhook (0.56.0)
  - React/jschelpers (0.56.0):
    - Folly (= 2016.10.31.00)
    - React/PrivateDatabase
  - React/jsinspector (0.56.0)
  - React/PrivateDatabase (0.56.0)
  - React/RCTActionSheet (0.56.0):
    - React/Core
  - React/RCTAnimation (0.56.0):
    - React/Core
  - React/RCTBlob (0.56.0):
    - React/Core
  - React/RCTGeolocation (0.56.0):
    - React/Core
  - React/RCTImage (0.56.0):
    - React/Core
    - React/RCTNetwork
  - React/RCTLinkingIOS (0.56.0):
    - React/Core
  - React/RCTNetwork (0.56.0):
    - React/Core
  - React/RCTSettings (0.56.0):
    - React/Core
  - React/RCTText (0.56.0):
    - React/Core
  - React/RCTVibration (0.56.0):
    - React/Core
  - React/RCTWebSocket (0.56.0):
    - React/Core
    - React/fishhook
    - React/RCTBlob
  - RNFS (2.11.15):
    - React
  - SSZipArchive (2.1.4)
  - yoga (0.56.0.React)

DEPENDENCIES:
  - BVLinearGradient (from `../node_modules/react-native-linear-gradient`)
  - CodePush (from `../node_modules/react-native-code-push`)
  - DoubleConversion (from `../node_modules/react-native/third-party-podspecs/DoubleConversion.podspec`)
  - FBSDKCoreKit
  - FBSDKLoginKit
  - FBSDKPlacesKit
  - FBSDKShareKit
  - Firebase/Auth (~> 5.6.0)
  - Firebase/Core (~> 5.6.0)
  - Firebase/Firestore (~> 5.6.0)
  - Firebase/Messaging (~> 5.6.0)
  - Firebase/Storage (~> 5.6.0)
  - Folly (from `../node_modules/react-native/third-party-podspecs/Folly.podspec`)
  - glog (from `../node_modules/react-native/third-party-podspecs/glog.podspec`)
  - Interactable (from `../node_modules/react-native-interactable`)
  - lottie-ios (from `../node_modules/lottie-ios`)
  - lottie-react-native (from `../node_modules/lottie-react-native`)
  - react-native-contacts (from `../node_modules/react-native-contacts`)
  - react-native-maps (from `../node_modules/react-native-maps`)
  - react-native-super-ellipse-mask (from `../node_modules/react-native-super-ellipse-mask`)
  - React/Core (from `../node_modules/react-native`)
  - React/CxxBridge (from `../node_modules/react-native`)
  - React/DevSupport (from `../node_modules/react-native`)
  - React/RCTActionSheet (from `../node_modules/react-native`)
  - React/RCTAnimation (from `../node_modules/react-native`)
  - React/RCTGeolocation (from `../node_modules/react-native`)
  - React/RCTImage (from `../node_modules/react-native`)
  - React/RCTLinkingIOS (from `../node_modules/react-native`)
  - React/RCTNetwork (from `../node_modules/react-native`)
  - React/RCTSettings (from `../node_modules/react-native`)
  - React/RCTText (from `../node_modules/react-native`)
  - React/RCTVibration (from `../node_modules/react-native`)
  - React/RCTWebSocket (from `../node_modules/react-native`)
  - RNFS (from `../node_modules/react-native-fs`)
  - yoga (from `../node_modules/react-native/ReactCommon/yoga/yoga.podspec`)

SPEC REPOS:
  https://github.com/cocoapods/specs.git:
    - Base64
    - Bolts
    - boost-for-react-native
    - BoringSSL-GRPC
    - FBSDKCoreKit
    - FBSDKLoginKit
    - FBSDKPlacesKit
    - FBSDKShareKit
    - Firebase
    - FirebaseAnalytics
    - FirebaseAuth
    - FirebaseAuthInterop
    - FirebaseCore
    - FirebaseFirestore
    - FirebaseInstanceID
    - FirebaseMessaging
    - FirebaseStorage
    - GoogleAppMeasurement
    - GoogleUtilities
    - gRPC
    - gRPC-Core
    - gRPC-ProtoRPC
    - gRPC-RxLibrary
    - GTMSessionFetcher
    - JWT
    - leveldb-library
    - nanopb
    - Protobuf
    - SSZipArchive

EXTERNAL SOURCES:
  BVLinearGradient:
    :path: "../node_modules/react-native-linear-gradient"
  CodePush:
    :path: "../node_modules/react-native-code-push"
  DoubleConversion:
    :podspec: "../node_modules/react-native/third-party-podspecs/DoubleConversion.podspec"
  Folly:
    :podspec: "../node_modules/react-native/third-party-podspecs/Folly.podspec"
  glog:
    :podspec: "../node_modules/react-native/third-party-podspecs/glog.podspec"
  Interactable:
    :path: "../node_modules/react-native-interactable"
  lottie-ios:
    :path: "../node_modules/lottie-ios"
  lottie-react-native:
    :path: "../node_modules/lottie-react-native"
  React:
    :path: "../node_modules/react-native"
  react-native-contacts:
    :path: "../node_modules/react-native-contacts"
  react-native-maps:
    :path: "../node_modules/react-native-maps"
  react-native-super-ellipse-mask:
    :path: "../node_modules/react-native-super-ellipse-mask"
  RNFS:
    :path: "../node_modules/react-native-fs"
  yoga:
    :path: "../node_modules/react-native/ReactCommon/yoga/yoga.podspec"

SPEC CHECKSUMS:
  Base64: cecfb41a004124895a7bcee567a89bae5a89d49b
  Bolts: ac6567323eac61e203f6a9763667d0f711be34c8
  boost-for-react-native: 39c7adb57c4e60d6c5479dd8623128eb5b3f0f2c
  BoringSSL-GRPC: b7941e85a30e48d3704cfdfe5fb48d3e14106714
  BVLinearGradient: 4b3f3bdf1ac1a52a5ef5e65c9585d793a7c3f825
  CodePush: f6b348759cdc42c734d9c3a46ceb2997c270b12e
  DoubleConversion: a9706f16e388b53ff12cca34473428ee29746a26
  FBSDKCoreKit: 3b8e6570eedb443f9fc4af196a7bf39f18e3a3d8
  FBSDKLoginKit: 8bccb6064708ab2f4251a7fc4e3b6d8d00ad91ba
  FBSDKPlacesKit: ceee4555dcff54fa3e61b9357364d88ac5956a8c
  FBSDKShareKit: 7090fdd55c39b03941efddb64c83a64ff6b3949f
  Firebase: 75ea9e232eefa158c1049028030b8f661a2ccb62
  FirebaseAnalytics: 993577e91157feb40945abedd6ab346d8a4b6ac8
  FirebaseAuth: 657a25e4be044d2d333663ebf515a861c5a59cd7
  FirebaseAuthInterop: 0ffa57668be100582bb7643d4fcb7615496c41fc
  FirebaseCore: cb9ee75e0894def766167c95a4d5a14b1c138269
  FirebaseFirestore: e953e8e02544cc60372f3787d4c30cb47a691aa7
  FirebaseInstanceID: ea5af6920d0a4a29b40459d055bebe4a6c1333c4
  FirebaseMessaging: f67b3719f520ee200da0e20ce577fe2bce0c01d0
  FirebaseStorage: 7ca4bb7b58a25fa647b04f524033fc7cb7eb272b
  Folly: c89ac2d5c6ab169cd7397ef27485c44f35f742c7
  glog: b3b0330915eccea41c5cc9731a77cf564a9be5ea
  GoogleAppMeasurement: fc4a4c3fe0144db9313cbf443ffe62e6b1d6268c
  GoogleUtilities: 6f681e27050c5e130325e89fa0316dfca826f954
  gRPC: d30ff914108c3a4f839e5a93adf70461f3ecbce7
  gRPC-Core: 96b2b7e7dcc5ece02e2d4fed30919eb9a2800517
  gRPC-ProtoRPC: d5bbb8b854889b7ec3a9b84aeccc08e639e98b77
  gRPC-RxLibrary: 99199a2405838e59ac37eed2121c793633878803
  GTMSessionFetcher: 0c4baf0a73acd0041bf9f71ea018deedab5ea84e
  Interactable: 45e5d4d1bb2d196f08b011010c6913469ccf4d0a
  JWT: 05028b9624591bba9681bb57df2c5f95fa258bad
  leveldb-library: 08cba283675b7ed2d99629a4bc5fd052cd2bb6a5
  lottie-ios: 9f24be3ecb13412223b6ac70d97437742b0e3de1
  lottie-react-native: db4bd75685428c4ad0ec2f913145abff3d38b640
  nanopb: 5601e6bca2dbf1ed831b519092ec110f66982ca3
  Protobuf: 1eb9700044745f00181c136ef21b8ff3ad5a0fd5
  React: 1fe0eb13d90b625d94c3b117c274dcfd2e760e11
  react-native-contacts: 1a8913219e54d1fa20e817b99d9b42b9ec98558d
  react-native-maps: 066c2afcc89e18726377bcc685315f989ca22449
  react-native-super-ellipse-mask: cedf7655779e816aee36c2d9ab8d238cd419797e
  RNFS: bbb1a64eb245763daf34aea86f97c97c4e85f74c
  SSZipArchive: 41455d4b8d2b6ab93990820b50dc697c2554a322
  yoga: b1ce48b6cf950b98deae82838f5173ea7cf89e85

PODFILE CHECKSUM: fe878b7ceaa7c3ef04f536c7720ef084a5c3b691

COCOAPODS: 1.5.3
